
Microsoft Visual Studio Solution File, Format Version 12.00
# Visual Studio Version 16
VisualStudioVersion = 16.2.29230.47
MinimumVisualStudioVersion = 16.0.28729.10
Project("{FAE04EC0-301F-11D3-BF4B-00C04F79EFBC}") = "CSharpDocumentationCompletion2019", "src\CSharpDocumentationCompletion2019.csproj", "{4F38DFFF-16C7-4949-B58E-3253C2E8A9F9}"
EndProject
Project("{2150E333-8FDC-42A3-9474-1A3956D46DE8}") = "Solution Items", "Solution Items", "{64414B92-81D9-447B-9E44-85EEFC049BC9}"
	ProjectSection(SolutionItems) = preProject
		.editorconfig = .editorconfig
		.gitignore = .gitignore
		Icon.png = Icon.png
		LICENSE = LICENSE
		README.md = README.md
	EndProjectSection
EndProject
Global
	GlobalSection(SolutionConfigurationPlatforms) = preSolution
		Debug|Any CPU = Debug|Any CPU
		Release|Any CPU = Release|Any CPU
	EndGlobalSection
	GlobalSection(ProjectConfigurationPlatforms) = postSolution
		{4F38DFFF-16C7-4949-B58E-3253C2E8A9F9}.Debug|Any CPU.ActiveCfg = Debug|Any CPU
		{4F38DFFF-16C7-4949-B58E-3253C2E8A9F9}.Debug|Any CPU.Build.0 = Debug|Any CPU
		{4F38DFFF-16C7-4949-B58E-3253C2E8A9F9}.Release|Any CPU.ActiveCfg = Release|Any CPU
		{4F38DFFF-16C7-4949-B58E-3253C2E8A9F9}.Release|Any CPU.Build.0 = Release|Any CPU
	EndGlobalSection
	GlobalSection(SolutionProperties) = preSolution
		HideSolutionNode = FALSE
	EndGlobalSection
	GlobalSection(ExtensibilityGlobals) = postSolution
		SolutionGuid = {DA9BFAF9-6B29-4D42-A759-A5C9AE0B2565}
	EndGlobalSection
EndGlobal
